
Microsoft Visual Studio Solution File, Format Version 12.00
# Visual Studio Version 17
VisualStudioVersion = 17.3.32929.385
MinimumVisualStudioVersion = 10.0.40219.1
Project("{FAE04EC0-301F-11D3-BF4B-00C04F79EFBC}") = "LoginWithAuthorizationAPI", "LoginWithAuthorizationAPI.csproj", "{3E9CCE37-6B2D-4B1D-8748-736C1C5A0A33}"
EndProject
Global
	GlobalSection(SolutionConfigurationPlatforms) = preSolution
		Debug|Any CPU = Debug|Any CPU
		Release|Any CPU = Release|Any CPU
	EndGlobalSection
	GlobalSection(ProjectConfigurationPlatforms) = postSolution
		{3E9CCE37-6B2D-4B1D-8748-736C1C5A0A33}.Debug|Any CPU.ActiveCfg = Debug|Any CPU
		{3E9CCE37-6B2D-4B1D-8748-736C1C5A0A33}.Debug|Any CPU.Build.0 = Debug|Any CPU
		{3E9CCE37-6B2D-4B1D-8748-736C1C5A0A33}.Release|Any CPU.ActiveCfg = Release|Any CPU
		{3E9CCE37-6B2D-4B1D-8748-736C1C5A0A33}.Release|Any CPU.Build.0 = Release|Any CPU
	EndGlobalSection
	GlobalSection(SolutionProperties) = preSolution
		HideSolutionNode = FALSE
	EndGlobalSection
	GlobalSection(ExtensibilityGlobals) = postSolution
		SolutionGuid = {C7A64AB0-BEAE-4A35-9C43-018A0506B763}
	EndGlobalSection
EndGlobal
